# THIS IS AN AUTOGENERATED FILE. DO NOT EDIT THIS FILE DIRECTLY.
# yarn lockfile v1


"@types/three@^0.127.1":
  version "0.127.1"
  resolved "https://registry.yarnpkg.com/@types/three/-/three-0.127.1.tgz#0978054e5daa6485946a3f1518a76412186ae81f"
  integrity sha512-e90iYq3zde3axANg7BPZY0fKrez1AzveamIIFk23PMh9WtCx91geokDy+yEAIymdIldgUpvezAP6+zCV3oekXw==
